# Generated by pub
# See https://dart.dev/tools/pub/glossary#lockfile
packages:
  async:
    dependency: transitive
    description:
      name: async
      sha256: "758e6d74e971c3e5aceb4110bfd6698efc7f501675bcfe0c775459a8140750eb"
      url: "https://pub.dev"
    source: hosted
    version: "2.13.0"
  basic_compiler:
    dependency: "direct main"
    description:
      path: "../../packages/basic_compiler"
      relative: true
    source: path
    version: "0.1.0"
  collection:
    dependency: transitive
    description:
      name: collection
      sha256: "2f5709ae4d3d59dd8f7cd309b4e023046b57d8a6c82130785d2b0e5868084e76"
      url: "https://pub.dev"
    source: hosted
    version: "1.19.1"
  dart_mcp:
    dependency: "direct main"
    description:
      path: "pkgs/dart_mcp"
      ref: HEAD
      resolved-ref: "738019b7b31a678fe61eb2af575bc44274d984df"
      url: "https://github.com/dart-lang/ai.git"
    source: git
    version: "0.5.0"
  json_rpc_2:
    dependency: transitive
    description:
      name: json_rpc_2
      sha256: "82dfd37d3b2e5030ae4729e1d7f5538cbc45eb1c73d618b9272931facac3bec1"
      url: "https://pub.dev"
    source: hosted
    version: "4.1.0"
  meta:
    dependency: transitive
    description:
      name: meta
      sha256: df0c643f44ad098eb37988027a8e2b2b5a031fd3977f06bbfd3a76637e8df739
      url: "https://pub.dev"
    source: hosted
    version: "1.18.2"
  path:
    dependency: transitive
    description:
      name: path
      sha256: "75cca69d1490965be98c73ceaea117e8a04dd21217b37b292c9ddbec0d955bc5"
      url: "https://pub.dev"
    source: hosted
    version: "1.9.1"
  stack_trace:
    dependency: transitive
    description:
      name: stack_trace
      sha256: "8b27215b45d22309b5cddda1aa2b19bdfec9df0e765f2de506401c071d38d1b1"
      url: "https://pub.dev"
    source: hosted
    version: "1.12.1"
  stream_channel:
    dependency: "direct main"
    description:
      name: stream_channel
      sha256: "969e04c80b8bcdf826f8f16579c7b14d780458bd97f56d107d3950fdbeef059d"
      url: "https://pub.dev"
    source: hosted
    version: "2.1.4"
  stream_transform:
    dependency: transitive
    description:
      name: stream_transform
      sha256: ad47125e588cfd37a9a7f86c7d6356dde8dfe89d071d293f80ca9e9273a33871
      url: "https://pub.dev"
    source: hosted
    version: "2.1.1"
sdks:
  dart: ">=3.10.0 <4.0.0"
